
Microsoft Visual Studio Solution File, Format Version 12.00
# Visual Studio 15
VisualStudioVersion = 15.0.27428.2043
MinimumVisualStudioVersion = 10.0.40219.1
Project("{FAE04EC0-301F-11D3-BF4B-00C04F79EFBC}") = "LikeLikeLike", "LikeLikeLike\LikeLikeLike.csproj", "{D5F087A9-9BF6-41DF-8CBD-25B5ABFE6C0A}"
EndProject
Global
	GlobalSection(SolutionConfigurationPlatforms) = preSolution
		Debug|Any CPU = Debug|Any CPU
		Release|Any CPU = Release|Any CPU
	EndGlobalSection
	GlobalSection(ProjectConfigurationPlatforms) = postSolution
		{D5F087A9-9BF6-41DF-8CBD-25B5ABFE6C0A}.Debug|Any CPU.ActiveCfg = Debug|Any CPU
		{D5F087A9-9BF6-41DF-8CBD-25B5ABFE6C0A}.Debug|Any CPU.Build.0 = Debug|Any CPU
		{D5F087A9-9BF6-41DF-8CBD-25B5ABFE6C0A}.Release|Any CPU.ActiveCfg = Release|Any CPU
		{D5F087A9-9BF6-41DF-8CBD-25B5ABFE6C0A}.Release|Any CPU.Build.0 = Release|Any CPU
	EndGlobalSection
	GlobalSection(SolutionProperties) = preSolution
		HideSolutionNode = FALSE
	EndGlobalSection
	GlobalSection(ExtensibilityGlobals) = postSolution
		SolutionGuid = {C58E161A-6D84-4719-86C7-8E03EB3ABEC8}
	EndGlobalSection
EndGlobal
